
Microsoft Visual Studio Solution File, Format Version 12.00
# Visual Studio Version 17
VisualStudioVersion = 17.9.34714.143
MinimumVisualStudioVersion = 10.0.40219.1
Project("{9A19103F-16F7-4668-BE54-9A1E7A4F7556}") = "CarrotTest", "CarrotTest\CarrotTest.csproj", "{B4544ADC-01C8-4425-A794-81C2FA421A0B}"
EndProject
Project("{9A19103F-16F7-4668-BE54-9A1E7A4F7556}") = "CarrotTest.Desktop", "CarrotTest.Desktop\CarrotTest.Desktop.csproj", "{705F6A13-F9AA-49F9-A866-43235FDBB52E}"
EndProject
Global
	GlobalSection(SolutionConfigurationPlatforms) = preSolution
		Debug|Any CPU = Debug|Any CPU
		Release|Any CPU = Release|Any CPU
	EndGlobalSection
	GlobalSection(ProjectConfigurationPlatforms) = postSolution
		{B4544ADC-01C8-4425-A794-81C2FA421A0B}.Debug|Any CPU.ActiveCfg = Debug|Any CPU
		{B4544ADC-01C8-4425-A794-81C2FA421A0B}.Debug|Any CPU.Build.0 = Debug|Any CPU
		{B4544ADC-01C8-4425-A794-81C2FA421A0B}.Release|Any CPU.ActiveCfg = Release|Any CPU
		{B4544ADC-01C8-4425-A794-81C2FA421A0B}.Release|Any CPU.Build.0 = Release|Any CPU
		{705F6A13-F9AA-49F9-A866-43235FDBB52E}.Debug|Any CPU.ActiveCfg = Debug|Any CPU
		{705F6A13-F9AA-49F9-A866-43235FDBB52E}.Debug|Any CPU.Build.0 = Debug|Any CPU
		{705F6A13-F9AA-49F9-A866-43235FDBB52E}.Release|Any CPU.ActiveCfg = Release|Any CPU
		{705F6A13-F9AA-49F9-A866-43235FDBB52E}.Release|Any CPU.Build.0 = Release|Any CPU
	EndGlobalSection
	GlobalSection(SolutionProperties) = preSolution
		HideSolutionNode = FALSE
	EndGlobalSection
	GlobalSection(ExtensibilityGlobals) = postSolution
		SolutionGuid = {168A1066-7792-4ACC-A2A3-0B3E567B92F1}
	EndGlobalSection
EndGlobal
